
Microsoft Visual Studio Solution File, Format Version 12.00
# Visual Studio Version 17
VisualStudioVersion = 17.4.33110.190
MinimumVisualStudioVersion = 10.0.40219.1
Project("{9A19103F-16F7-4668-BE54-9A1E7A4F7556}") = "Cobranza.Web", "Cobranza.Web\Cobranza.Web.csproj", "{2DF12F35-96F9-449A-B95D-7F9DEEB3F472}"
EndProject
Project("{FAE04EC0-301F-11D3-BF4B-00C04F79EFBC}") = "Cobranza.Core", "Cobranza.Core\Cobranza.Core.csproj", "{2539A276-29E9-4056-8E1E-0F97667E07FB}"
EndProject
Global
	GlobalSection(SolutionConfigurationPlatforms) = preSolution
		Debug|Any CPU = Debug|Any CPU
		Release|Any CPU = Release|Any CPU
	EndGlobalSection
	GlobalSection(ProjectConfigurationPlatforms) = postSolution
		{2DF12F35-96F9-449A-B95D-7F9DEEB3F472}.Debug|Any CPU.ActiveCfg = Debug|Any CPU
		{2DF12F35-96F9-449A-B95D-7F9DEEB3F472}.Debug|Any CPU.Build.0 = Debug|Any CPU
		{2DF12F35-96F9-449A-B95D-7F9DEEB3F472}.Release|Any CPU.ActiveCfg = Release|Any CPU
		{2DF12F35-96F9-449A-B95D-7F9DEEB3F472}.Release|Any CPU.Build.0 = Release|Any CPU
		{2539A276-29E9-4056-8E1E-0F97667E07FB}.Debug|Any CPU.ActiveCfg = Debug|Any CPU
		{2539A276-29E9-4056-8E1E-0F97667E07FB}.Debug|Any CPU.Build.0 = Debug|Any CPU
		{2539A276-29E9-4056-8E1E-0F97667E07FB}.Release|Any CPU.ActiveCfg = Release|Any CPU
		{2539A276-29E9-4056-8E1E-0F97667E07FB}.Release|Any CPU.Build.0 = Release|Any CPU
	EndGlobalSection
	GlobalSection(SolutionProperties) = preSolution
		HideSolutionNode = FALSE
	EndGlobalSection
	GlobalSection(ExtensibilityGlobals) = postSolution
		SolutionGuid = {F3FF4568-8DBC-4A44-942B-A3E2FC80D5B2}
	EndGlobalSection
EndGlobal
